
Microsoft Visual Studio Solution File, Format Version 12.00
# Visual Studio 15
VisualStudioVersion = 15.0.28307.902
MinimumVisualStudioVersion = 10.0.40219.1
Project("{FAE04EC0-301F-11D3-BF4B-00C04F79EFBC}") = "BerichtsheftDateReplacer", "BerichtsheftDateReplacer\BerichtsheftDateReplacer.csproj", "{4B51F623-D3EC-42F3-BFD8-0D3DC62ED4AE}"
EndProject
Global
	GlobalSection(SolutionConfigurationPlatforms) = preSolution
		Debug|Any CPU = Debug|Any CPU
		Release|Any CPU = Release|Any CPU
	EndGlobalSection
	GlobalSection(ProjectConfigurationPlatforms) = postSolution
		{4B51F623-D3EC-42F3-BFD8-0D3DC62ED4AE}.Debug|Any CPU.ActiveCfg = Debug|Any CPU
		{4B51F623-D3EC-42F3-BFD8-0D3DC62ED4AE}.Debug|Any CPU.Build.0 = Debug|Any CPU
		{4B51F623-D3EC-42F3-BFD8-0D3DC62ED4AE}.Release|Any CPU.ActiveCfg = Release|Any CPU
		{4B51F623-D3EC-42F3-BFD8-0D3DC62ED4AE}.Release|Any CPU.Build.0 = Release|Any CPU
	EndGlobalSection
	GlobalSection(SolutionProperties) = preSolution
		HideSolutionNode = FALSE
	EndGlobalSection
	GlobalSection(ExtensibilityGlobals) = postSolution
		SolutionGuid = {EA9CF9E6-1CBA-458C-812B-AA5C62C744A6}
	EndGlobalSection
EndGlobal
